
Microsoft Visual Studio Solution File, Format Version 12.00
# Visual Studio Version 17
VisualStudioVersion = 17.9.34616.47
MinimumVisualStudioVersion = 10.0.40219.1
Project("{2150E333-8FDC-42A3-9474-1A3956D46DE8}") = "Application", "Application", "{DB377C70-9AB6-4234-AAE5-3A182E62C851}"
EndProject
Project("{2150E333-8FDC-42A3-9474-1A3956D46DE8}") = "Domain", "Domain", "{95BE475A-F039-4C56-A837-6E485BCC019A}"
EndProject
Project("{2150E333-8FDC-42A3-9474-1A3956D46DE8}") = "Infrstructure", "Infrstructure", "{08F9ABB4-F28A-4CB1-9EF7-23B41BD6442E}"
EndProject
Project("{FAE04EC0-301F-11D3-BF4B-00C04F79EFBC}") = "Monitoring.Domain", "Monitoring.Domain\Monitoring.Domain.csproj", "{491253A9-CF38-4E5D-83FD-A63347DED39A}"
EndProject
Project("{FAE04EC0-301F-11D3-BF4B-00C04F79EFBC}") = "Monitoring.App", "Monitoring.App\Monitoring.App.csproj", "{BF2CB215-0A5A-463C-A79C-930990DBB7B1}"
EndProject
Project("{FAE04EC0-301F-11D3-BF4B-00C04F79EFBC}") = "Monitoring.Data", "Monitoring.Data\Monitoring.Data.csproj", "{28D9292E-E290-45CC-91BF-DE10EFDD3D86}"
EndProject
Project("{FAE04EC0-301F-11D3-BF4B-00C04F79EFBC}") = "MonitoringAPI", "MonitoringAPI\MonitoringAPI.csproj", "{2634A8E2-6150-4C84-B0FF-4F74FA720A3E}"
EndProject
Global
	GlobalSection(SolutionConfigurationPlatforms) = preSolution
		Debug|Any CPU = Debug|Any CPU
		Release|Any CPU = Release|Any CPU
	EndGlobalSection
	GlobalSection(ProjectConfigurationPlatforms) = postSolution
		{491253A9-CF38-4E5D-83FD-A63347DED39A}.Debug|Any CPU.ActiveCfg = Debug|Any CPU
		{491253A9-CF38-4E5D-83FD-A63347DED39A}.Debug|Any CPU.Build.0 = Debug|Any CPU
		{491253A9-CF38-4E5D-83FD-A63347DED39A}.Release|Any CPU.ActiveCfg = Release|Any CPU
		{491253A9-CF38-4E5D-83FD-A63347DED39A}.Release|Any CPU.Build.0 = Release|Any CPU
		{BF2CB215-0A5A-463C-A79C-930990DBB7B1}.Debug|Any CPU.ActiveCfg = Debug|Any CPU
		{BF2CB215-0A5A-463C-A79C-930990DBB7B1}.Debug|Any CPU.Build.0 = Debug|Any CPU
		{BF2CB215-0A5A-463C-A79C-930990DBB7B1}.Release|Any CPU.ActiveCfg = Release|Any CPU
		{BF2CB215-0A5A-463C-A79C-930990DBB7B1}.Release|Any CPU.Build.0 = Release|Any CPU
		{28D9292E-E290-45CC-91BF-DE10EFDD3D86}.Debug|Any CPU.ActiveCfg = Debug|Any CPU
		{28D9292E-E290-45CC-91BF-DE10EFDD3D86}.Debug|Any CPU.Build.0 = Debug|Any CPU
		{28D9292E-E290-45CC-91BF-DE10EFDD3D86}.Release|Any CPU.ActiveCfg = Release|Any CPU
		{28D9292E-E290-45CC-91BF-DE10EFDD3D86}.Release|Any CPU.Build.0 = Release|Any CPU
		{2634A8E2-6150-4C84-B0FF-4F74FA720A3E}.Debug|Any CPU.ActiveCfg = Debug|Any CPU
		{2634A8E2-6150-4C84-B0FF-4F74FA720A3E}.Debug|Any CPU.Build.0 = Debug|Any CPU
		{2634A8E2-6150-4C84-B0FF-4F74FA720A3E}.Release|Any CPU.ActiveCfg = Release|Any CPU
		{2634A8E2-6150-4C84-B0FF-4F74FA720A3E}.Release|Any CPU.Build.0 = Release|Any CPU
	EndGlobalSection
	GlobalSection(SolutionProperties) = preSolution
		HideSolutionNode = FALSE
	EndGlobalSection
	GlobalSection(NestedProjects) = preSolution
		{491253A9-CF38-4E5D-83FD-A63347DED39A} = {95BE475A-F039-4C56-A837-6E485BCC019A}
		{BF2CB215-0A5A-463C-A79C-930990DBB7B1} = {DB377C70-9AB6-4234-AAE5-3A182E62C851}
		{28D9292E-E290-45CC-91BF-DE10EFDD3D86} = {08F9ABB4-F28A-4CB1-9EF7-23B41BD6442E}
		{2634A8E2-6150-4C84-B0FF-4F74FA720A3E} = {08F9ABB4-F28A-4CB1-9EF7-23B41BD6442E}
	EndGlobalSection
	GlobalSection(ExtensibilityGlobals) = postSolution
		SolutionGuid = {2C894767-65EF-48B9-A4C5-23400A29827D}
	EndGlobalSection
EndGlobal
